dependencies:
- name: kube-prometheus-stack
  repository: https://prometheus-community.github.io/helm-charts
  version: 84.5.0
- name: rustfs
  repository: https://charts.rustfs.com/
  version: 1.0.1
digest: sha256:7800a618ae6e650476fa0e50db92d679e85ca17401f373f42b399d41789f0d2a
generated: "2026-10-03T10:56:31.77227351Z"
